
Microsoft Visual Studio Solution File, Format Version 12.00
# Visual Studio 2013
VisualStudioVersion = 12.0.21005.1
MinimumVisualStudioVersion = 10.0.40219.1
Project("{FAE04EC0-301F-11D3-BF4B-00C04F79EFBC}") = "KN.Web", "KN.Web\KN.Web.csproj", "{22C9FFCA-2299-44EB-AF15-A367C2B908C2}"
EndProject
Project("{FAE04EC0-301F-11D3-BF4B-00C04F79EFBC}") = "KN.Manage", "KN.Manage\KN.Manage.csproj", "{F521BA33-A655-447F-8ED7-102FDE781B73}"
EndProject
Project("{FAE04EC0-301F-11D3-BF4B-00C04F79EFBC}") = "KN.Stock", "KN.Stock\KN.Stock.csproj", "{2C6AF39F-E569-4273-88AB-D86AB48D0E11}"
EndProject
Project("{FAE04EC0-301F-11D3-BF4B-00C04F79EFBC}") = "KN.Settlement", "KN.Settlement\KN.Settlement.csproj", "{C923A5CF-34F8-4D71-9F6C-DA74B684DACE}"
EndProject
Project("{FAE04EC0-301F-11D3-BF4B-00C04F79EFBC}") = "KN.Parking", "KN.Parking\KN.Parking.csproj", "{4540CD4F-7B18-4D07-AE90-07F538CA7DAA}"
EndProject
Project("{FAE04EC0-301F-11D3-BF4B-00C04F79EFBC}") = "KN.Common.Method", "KN.Common.Method\KN.Common.Method.csproj", "{23B5E550-A2CC-4A30-8E66-5847A3ACBBD9}"
EndProject
Project("{FAE04EC0-301F-11D3-BF4B-00C04F79EFBC}") = "KN.Common.Base", "KN.Common.Base\KN.Common.Base.csproj", "{6B93A91A-C505-411C-833E-200118972603}"
EndProject
Project("{FAE04EC0-301F-11D3-BF4B-00C04F79EFBC}") = "KN.Config", "KN.Config\KN.Config.csproj", "{C626274F-E6EC-4687-B7A7-F1DE73539BE7}"
EndProject
Project("{FAE04EC0-301F-11D3-BF4B-00C04F79EFBC}") = "KN.Board", "KN.Board\KN.Board.csproj", "{8DD18E96-6F93-443A-A03C-4D25245C8872}"
EndProject
Project("{FAE04EC0-301F-11D3-BF4B-00C04F79EFBC}") = "KN.Resident", "KN.Resident\KN.Resident.csproj", "{FD7D893D-0B59-468E-AA6C-F3FBB6EC1C28}"
EndProject
Project("{FAE04EC0-301F-11D3-BF4B-00C04F79EFBC}") = "KN.Inventory", "KN.Inventory\KN.Inventory.csproj", "{6B43B4FD-7B9E-4192-BF47-6C3AECA2B6C6}"
EndProject
Global
	GlobalSection(SubversionScc) = preSolution
		Svn-Managed = True
		Manager = AnkhSVN - Subversion Support for Visual Studio
	EndGlobalSection
	GlobalSection(SolutionConfigurationPlatforms) = preSolution
		Debug|Any CPU = Debug|Any CPU
		Release|Any CPU = Release|Any CPU
	EndGlobalSection
	GlobalSection(ProjectConfigurationPlatforms) = postSolution
		{22C9FFCA-2299-44EB-AF15-A367C2B908C2}.Debug|Any CPU.ActiveCfg = Debug|Any CPU
		{22C9FFCA-2299-44EB-AF15-A367C2B908C2}.Debug|Any CPU.Build.0 = Debug|Any CPU
		{22C9FFCA-2299-44EB-AF15-A367C2B908C2}.Release|Any CPU.ActiveCfg = Release|Any CPU
		{22C9FFCA-2299-44EB-AF15-A367C2B908C2}.Release|Any CPU.Build.0 = Release|Any CPU
		{F521BA33-A655-447F-8ED7-102FDE781B73}.Debug|Any CPU.ActiveCfg = Debug|Any CPU
		{F521BA33-A655-447F-8ED7-102FDE781B73}.Debug|Any CPU.Build.0 = Debug|Any CPU
		{F521BA33-A655-447F-8ED7-102FDE781B73}.Release|Any CPU.ActiveCfg = Release|Any CPU
		{F521BA33-A655-447F-8ED7-102FDE781B73}.Release|Any CPU.Build.0 = Release|Any CPU
		{2C6AF39F-E569-4273-88AB-D86AB48D0E11}.Debug|Any CPU.ActiveCfg = Debug|Any CPU
		{2C6AF39F-E569-4273-88AB-D86AB48D0E11}.Debug|Any CPU.Build.0 = Debug|Any CPU
		{2C6AF39F-E569-4273-88AB-D86AB48D0E11}.Release|Any CPU.ActiveCfg = Release|Any CPU
		{2C6AF39F-E569-4273-88AB-D86AB48D0E11}.Release|Any CPU.Build.0 = Release|Any CPU
		{C923A5CF-34F8-4D71-9F6C-DA74B684DACE}.Debug|Any CPU.ActiveCfg = Debug|Any CPU
		{C923A5CF-34F8-4D71-9F6C-DA74B684DACE}.Debug|Any CPU.Build.0 = Debug|Any CPU
		{C923A5CF-34F8-4D71-9F6C-DA74B684DACE}.Release|Any CPU.ActiveCfg = Release|Any CPU
		{C923A5CF-34F8-4D71-9F6C-DA74B684DACE}.Release|Any CPU.Build.0 = Release|Any CPU
		{4540CD4F-7B18-4D07-AE90-07F538CA7DAA}.Debug|Any CPU.ActiveCfg = Debug|Any CPU
		{4540CD4F-7B18-4D07-AE90-07F538CA7DAA}.Debug|Any CPU.Build.0 = Debug|Any CPU
		{4540CD4F-7B18-4D07-AE90-07F538CA7DAA}.Release|Any CPU.ActiveCfg = Release|Any CPU
		{4540CD4F-7B18-4D07-AE90-07F538CA7DAA}.Release|Any CPU.Build.0 = Release|Any CPU
		{23B5E550-A2CC-4A30-8E66-5847A3ACBBD9}.Debug|Any CPU.ActiveCfg = Debug|Any CPU
		{23B5E550-A2CC-4A30-8E66-5847A3ACBBD9}.Debug|Any CPU.Build.0 = Debug|Any CPU
		{23B5E550-A2CC-4A30-8E66-5847A3ACBBD9}.Release|Any CPU.ActiveCfg = Release|Any CPU
		{23B5E550-A2CC-4A30-8E66-5847A3ACBBD9}.Release|Any CPU.Build.0 = Release|Any CPU
		{6B93A91A-C505-411C-833E-200118972603}.Debug|Any CPU.ActiveCfg = Debug|Any CPU
		{6B93A91A-C505-411C-833E-200118972603}.Debug|Any CPU.Build.0 = Debug|Any CPU
		{6B93A91A-C505-411C-833E-200118972603}.Release|Any CPU.ActiveCfg = Release|Any CPU
		{6B93A91A-C505-411C-833E-200118972603}.Release|Any CPU.Build.0 = Release|Any CPU
		{C626274F-E6EC-4687-B7A7-F1DE73539BE7}.Debug|Any CPU.ActiveCfg = Debug|Any CPU
		{C626274F-E6EC-4687-B7A7-F1DE73539BE7}.Debug|Any CPU.Build.0 = Debug|Any CPU
		{C626274F-E6EC-4687-B7A7-F1DE73539BE7}.Release|Any CPU.ActiveCfg = Release|Any CPU
		{C626274F-E6EC-4687-B7A7-F1DE73539BE7}.Release|Any CPU.Build.0 = Release|Any CPU
		{8DD18E96-6F93-443A-A03C-4D25245C8872}.Debug|Any CPU.ActiveCfg = Debug|Any CPU
		{8DD18E96-6F93-443A-A03C-4D25245C8872}.Debug|Any CPU.Build.0 = Debug|Any CPU
		{8DD18E96-6F93-443A-A03C-4D25245C8872}.Release|Any CPU.ActiveCfg = Release|Any CPU
		{8DD18E96-6F93-443A-A03C-4D25245C8872}.Release|Any CPU.Build.0 = Release|Any CPU
		{FD7D893D-0B59-468E-AA6C-F3FBB6EC1C28}.Debug|Any CPU.ActiveCfg = Debug|Any CPU
		{FD7D893D-0B59-468E-AA6C-F3FBB6EC1C28}.Debug|Any CPU.Build.0 = Debug|Any CPU
		{FD7D893D-0B59-468E-AA6C-F3FBB6EC1C28}.Release|Any CPU.ActiveCfg = Release|Any CPU
		{FD7D893D-0B59-468E-AA6C-F3FBB6EC1C28}.Release|Any CPU.Build.0 = Release|Any CPU
		{6B43B4FD-7B9E-4192-BF47-6C3AECA2B6C6}.Debug|Any CPU.ActiveCfg = Debug|Any CPU
		{6B43B4FD-7B9E-4192-BF47-6C3AECA2B6C6}.Debug|Any CPU.Build.0 = Debug|Any CPU
		{6B43B4FD-7B9E-4192-BF47-6C3AECA2B6C6}.Release|Any CPU.ActiveCfg = Release|Any CPU
		{6B43B4FD-7B9E-4192-BF47-6C3AECA2B6C6}.Release|Any CPU.Build.0 = Release|Any CPU
	EndGlobalSection
	GlobalSection(SolutionProperties) = preSolution
		HideSolutionNode = FALSE
	EndGlobalSection
EndGlobal
